
Microsoft Visual Studio Solution File, Format Version 12.00
# Visual Studio Version 16
VisualStudioVersion = 16.0.29409.12
MinimumVisualStudioVersion = 10.0.40219.1
Project("{FAE04EC0-301F-11D3-BF4B-00C04F79EFBC}") = "APWPF", "APWPF.csproj", "{B21C777E-2D26-4724-8FC2-F72CF0AC6A64}"
EndProject
Global
	GlobalSection(SolutionConfigurationPlatforms) = preSolution
		Debug|Any CPU = Debug|Any CPU
		Release|Any CPU = Release|Any CPU
	EndGlobalSection
	GlobalSection(ProjectConfigurationPlatforms) = postSolution
		{B21C777E-2D26-4724-8FC2-F72CF0AC6A64}.Debug|Any CPU.ActiveCfg = Debug|Any CPU
		{B21C777E-2D26-4724-8FC2-F72CF0AC6A64}.Debug|Any CPU.Build.0 = Debug|Any CPU
		{B21C777E-2D26-4724-8FC2-F72CF0AC6A64}.Release|Any CPU.ActiveCfg = Release|Any CPU
		{B21C777E-2D26-4724-8FC2-F72CF0AC6A64}.Release|Any CPU.Build.0 = Release|Any CPU
	EndGlobalSection
	GlobalSection(SolutionProperties) = preSolution
		HideSolutionNode = FALSE
	EndGlobalSection
	GlobalSection(ExtensibilityGlobals) = postSolution
		SolutionGuid = {91AE6341-EB49-41D9-9237-BC5632F43B71}
	EndGlobalSection
EndGlobal
